// !$*UTF8*$!
{
	archiveVersion = 1;
	classes = {
	};
	objectVersion = 56;
	objects = {

/* Begin PBXBuildFile section */
		393615A62CA3723E00D2111D /* AppDelegate.swift in Sources */ = {isa = PBXBuildFile; fileRef = 393615A52CA3723E00D2111D /* AppDelegate.swift */; };
		393615A82CA3723E00D2111D /* SceneDelegate.swift in Sources */ = {isa = PBXBuildFile; fileRef = 393615A72CA3723E00D2111D /* SceneDelegate.swift */; };
		393615AA2CA3723E00D2111D /* ViewController.swift in Sources */ = {isa = PBXBuildFile; fileRef = 393615A92CA3723E00D2111D /* ViewController.swift */; };
		393615AD2CA3723E00D2111D /* Base in Resources */ = {isa = PBXBuildFile; fileRef = 393615AC2CA3723E00D2111D /* Base */; };
		393615AF2CA3724300D2111D /* Assets.xcassets in Resources */ = {isa = PBXBuildFile; fileRef = 393615AE2CA3724300D2111D /* Assets.xcassets */; };
		393615B22CA3724300D2111D /* Base in Resources */ = {isa = PBXBuildFile; fileRef = 393615B12CA3724300D2111D /* Base */; };
/* End PBXBuildFile section */

/* Begin PBXContainerItemProxy section */
		393615B92CA3724400D2111D /* PBXContainerItemProxy */ = {
			isa = PBXContainerItemProxy;
			containerPortal = 3936159A2CA3723D00D2111D /* Project object */;
			proxyType = 1;
			remoteGlobalIDString = 393615A12CA3723D00D2111D;
			remoteInfo = HW13;
		};
		393615C32CA3724400D2111D /* PBXContainerItemProxy */ = {
			isa = PBXContainerItemProxy;
			containerPortal = 3936159A2CA3723D00D2111D /* Project object */;
			proxyType = 1;
			remoteGlobalIDString = 393615A12CA3723D00D2111D;
			remoteInfo = HW13;
		};
/* End PBXContainerItemProxy section */

/* Begin PBXFileReference section */
		393615A22CA3723E00D2111D /* HW13.app */ = {isa = PBXFileReference; explicitFileType = wrapper.application; includeInIndex = 0; path = HW13.app; sourceTree = BUILT_PRODUCTS_DIR; };
		393615A52CA3723E00D2111D /* AppDelegate.swift */ = {isa = PBXFileReference; lastKnownFileType = sourcecode.swift; path = AppDelegate.swift; sourceTree = "<group>"; };
		393615A72CA3723E00D2111D /* SceneDelegate.swift */ = {isa = PBXFileReference; lastKnownFileType = sourcecode.swift; path = SceneDelegate.swift; sourceTree = "<group>"; };
		393615A92CA3723E00D2111D /* ViewController.swift */ = {isa = PBXFileReference; lastKnownFileType = sourcecode.swift; path = ViewController.swift; sourceTree = "<group>"; };
		393615AC2CA3723E00D2111D /* Base */ = {isa = PBXFileReference; lastKnownFileType = file.storyboard; name = Base; path = Base.lproj/Main.storyboard; sourceTree = "<group>"; };
		393615AE2CA3724300D2111D /* Assets.xcassets */ = {isa = PBXFileReference; lastKnownFileType = folder.assetcatalog; path = Assets.xcassets; sourceTree = "<group>"; };
		393615B12CA3724300D2111D /* Base */ = {isa = PBXFileReference; lastKnownFileType = file.storyboard; name = Base; path = Base.lproj/LaunchScreen.storyboard; sourceTree = "<group>"; };
		393615B32CA3724300D2111D /* Info.plist */ = {isa = PBXFileReference; lastKnownFileType = text.plist.xml; path = Info.plist; sourceTree = "<group>"; };
		393615B82CA3724400D2111D /* HW13Tests.xctest */ = {isa = PBXFileReference; explicitFileType = wrapper.cfbundle; includeInIndex = 0; path = HW13Tests.xctest; sourceTree = BUILT_PRODUCTS_DIR; };
		393615C22CA3724400D2111D /* HW13UITests.xctest */ = {isa = PBXFileReference; explicitFileType = wrapper.cfbundle; includeInIndex = 0; path = HW13UITests.xctest; sourceTree = BUILT_PRODUCTS_DIR; };
/* End PBXFileReference section */

/* Begin PBXFrameworksBuildPhase section */
		3936159F2CA3723D00D2111D /* Frameworks */ = {
			isa = PBXFrameworksBuildPhase;
			buildActionMask = 2147483647;
			files = (
			);
			runOnlyForDeploymentPostprocessing = 0;
		};
		393615B52CA3724400D2111D /* Frameworks */ = {
			isa = PBXFrameworksBuildPhase;
			buildActionMask = 2147483647;
			files = (
			);
			runOnlyForDeploymentPostprocessing = 0;
		};
		393615BF2CA3724400D2111D /* Frameworks */ = {
			isa = PBXFrameworksBuildPhase;
			buildActionMask = 2147483647;
			files = (
			);
			runOnlyForDeploymentPostprocessing = 0;
		};
/* End PBXFrameworksBuildPhase section */

/* Begin PBXGroup section */
		393615992CA3723D00D2111D = {
			isa = PBXGroup;
			children = (
				393615A42CA3723E00D2111D /* HW13 */,
				393615A32CA3723E00D2111D /* Products */,
			);
			sourceTree = "<group>";
		};
		393615A32CA3723E00D2111D /* Products */ = {
			isa = PBXGroup;
			children = (
				393615A22CA3723E00D2111D /* HW13.app */,
				393615B82CA3724400D2111D /* HW13Tests.xctest */,
				393615C22CA3724400D2111D /* HW13UITests.xctest */,
			);
			name = Products;
			sourceTree = "<group>";
		};
		393615A42CA3723E00D2111D /* HW13 */ = {
			isa = PBXGroup;
			children = (
				393615A52CA3723E00D2111D /* AppDelegate.swift */,
				393615A72CA3723E00D2111D /* SceneDelegate.swift */,
				393615A92CA3723E00D2111D /* ViewController.swift */,
				393615AB2CA3723E00D2111D /* Main.storyboard */,
				393615AE2CA3724300D2111D /* Assets.xcassets */,
				393615B02CA3724300D2111D /* LaunchScreen.storyboard */,
				393615B32CA3724300D2111D /* Info.plist */,
			);
			path = HW13;
			sourceTree = "<group>";
		};
/* End PBXGroup section */

/* Begin PBXNativeTarget section */
		393615A12CA3723D00D2111D /* HW13 */ = {
			isa = PBXNativeTarget;
			buildConfigurationList = 393615CC2CA3724400D2111D /* Build configuration list for PBXNativeTarget "HW13" */;
			buildPhases = (
				3936159E2CA3723D00D2111D /* Sources */,
				3936159F2CA3723D00D2111D /* Frameworks */,
				393615A02CA3723D00D2111D /* Resources */,
			);
			buildRules = (
			);
			dependencies = (
			);
			name = HW13;
			productName = HW13;
			productReference = 393615A22CA3723E00D2111D /* HW13.app */;
			productType = "com.apple.product-type.application";
		};
		393615B72CA3724400D2111D /* HW13Tests */ = {
			isa = PBXNativeTarget;
			buildConfigurationList = 393615CF2CA3724400D2111D /* Build configuration list for PBXNativeTarget "HW13Tests" */;
			buildPhases = (
				393615B42CA3724400D2111D /* Sources */,
				393615B52CA3724400D2111D /* Frameworks */,
				393615B62CA3724400D2111D /* Resources */,
			);
			buildRules = (
			);
			dependencies = (
				393615BA2CA3724400D2111D /* PBXTargetDependency */,
			);
			name = HW13Tests;
			productName = HW13Tests;
			productReference = 393615B82CA3724400D2111D /* HW13Tests.xctest */;
			productType = "com.apple.product-type.bundle.unit-test";
		};
		393615C12CA3724400D2111D /* HW13UITests */ = {
			isa = PBXNativeTarget;
			buildConfigurationList = 393615D22CA3724400D2111D /* Build configuration list for PBXNativeTarget "HW13UITests" */;
			buildPhases = (
				393615BE2CA3724400D2111D /* Sources */,
				393615BF2CA3724400D2111D /* Frameworks */,
				393615C02CA3724400D2111D /* Resources */,
			);
			buildRules = (
			);
			dependencies = (
				393615C42CA3724400D2111D /* PBXTargetDependency */,
			);
			name = HW13UITests;
			productName = HW13UITests;
			productReference = 393615C22CA3724400D2111D /* HW13UITests.xctest */;
			productType = "com.apple.product-type.bundle.ui-testing";
		};
/* End PBXNativeTarget section */

/* Begin PBXProject section */
		3936159A2CA3723D00D2111D /* Project object */ = {
			isa = PBXProject;
			attributes = {
				BuildIndependentTargetsInParallel = 1;
				LastSwiftUpdateCheck = 1540;
				LastUpgradeCheck = 1540;
				TargetAttributes = {
					393615A12CA3723D00D2111D = {
						CreatedOnToolsVersion = 15.4;
					};
					393615B72CA3724400D2111D = {
						CreatedOnToolsVersion = 15.4;
						TestTargetID = 393615A12CA3723D00D2111D;
					};
					393615C12CA3724400D2111D = {
						CreatedOnToolsVersion = 15.4;
						TestTargetID = 393615A12CA3723D00D2111D;
					};
				};
			};
			buildConfigurationList = 3936159D2CA3723D00D2111D /* Build configuration list for PBXProject "HW13" */;
			compatibilityVersion = "Xcode 14.0";
			developmentRegion = en;
			hasScannedForEncodings = 0;
			knownRegions = (
				en,
				Base,
			);
			mainGroup = 393615992CA3723D00D2111D;
			productRefGroup = 393615A32CA3723E00D2111D /* Products */;
			projectDirPath = "";
			projectRoot = "";
			targets = (
				393615A12CA3723D00D2111D /* HW13 */,
				393615B72CA3724400D2111D /* HW13Tests */,
				393615C12CA3724400D2111D /* HW13UITests */,
			);
		};
/* End PBXProject section */

/* Begin PBXResourcesBuildPhase section */
		393615A02CA3723D00D2111D /* Resources */ = {
			isa = PBXResourcesBuildPhase;
			buildActionMask = 2147483647;
			files = (
				393615AF2CA3724300D2111D /* Assets.xcassets in Resources */,
				393615B22CA3724300D2111D /* Base in Resources */,
				393615AD2CA3723E00D2111D /* Base in Resources */,
			);
			runOnlyForDeploymentPostprocessing = 0;
		};
		393615B62CA3724400D2111D /* Resources */ = {
			isa = PBXResourcesBuildPhase;
			buildActionMask = 2147483647;
			files = (
			);
			runOnlyForDeploymentPostprocessing = 0;
		};
		393615C02CA3724400D2111D /* Resources */ = {
			isa = PBXResourcesBuildPhase;
			buildActionMask = 2147483647;
			files = (
			);
			runOnlyForDeploymentPostprocessing = 0;
		};
/* End PBXResourcesBuildPhase section */

/* Begin PBXSourcesBuildPhase section */
		3936159E2CA3723D00D2111D /* Sources */ = {
			isa = PBXSourcesBuildPhase;
			buildActionMask = 2147483647;
			files = (
				393615AA2CA3723E00D2111D /* ViewController.swift in Sources */,
				393615A62CA3723E00D2111D /* AppDelegate.swift in Sources */,
				393615A82CA3723E00D2111D /* SceneDelegate.swift in Sources */,
			);
			runOnlyForDeploymentPostprocessing = 0;
		};
		393615B42CA3724400D2111D /* Sources */ = {
			isa = PBXSourcesBuildPhase;
			buildActionMask = 2147483647;
			files = (
			);
			runOnlyForDeploymentPostprocessing = 0;
		};
		393615BE2CA3724400D2111D /* Sources */ = {
			isa = PBXSourcesBuildPhase;
			buildActionMask = 2147483647;
			files = (
			);
			runOnlyForDeploymentPostprocessing = 0;
		};
/* End PBXSourcesBuildPhase section */

/* Begin PBXTargetDependency section */
		393615BA2CA3724400D2111D /* PBXTargetDependency */ = {
			isa = PBXTargetDependency;
			target = 393615A12CA3723D00D2111D /* HW13 */;
			targetProxy = 393615B92CA3724400D2111D /* PBXContainerItemProxy */;
		};
		393615C42CA3724400D2111D /* PBXTargetDependency */ = {
			isa = PBXTargetDependency;
			target = 393615A12CA3723D00D2111D /* HW13 */;
			targetProxy = 393615C32CA3724400D2111D /* PBXContainerItemProxy */;
		};
/* End PBXTargetDependency section */

/* Begin PBXVariantGroup section */
		393615AB2CA3723E00D2111D /* Main.storyboard */ = {
			isa = PBXVariantGroup;
			children = (
				393615AC2CA3723E00D2111D /* Base */,
			);
			name = Main.storyboard;
			sourceTree = "<group>";
		};
		393615B02CA3724300D2111D /* LaunchScreen.storyboard */ = {
			isa = PBXVariantGroup;
			children = (
				393615B12CA3724300D2111D /* Base */,
			);
			name = LaunchScreen.storyboard;
			sourceTree = "<group>";
		};
/* End PBXVariantGroup section */

/* Begin XCBuildConfiguration section */
		393615CA2CA3724400D2111D /* Debug */ = {
			isa = XCBuildConfiguration;
			buildSettings = {
				ALWAYS_SEARCH_USER_PATHS = NO;
				ASSETCATALOG_COMPILER_GENERATE_SWIFT_ASSET_SYMBOL_EXTENSIONS = YES;
				CLANG_ANALYZER_NONNULL = YES;
				CLANG_ANALYZER_NUMBER_OBJECT_CONVERSION = YES_AGGRESSIVE;
				CLANG_CXX_LANGUAGE_STANDARD = "gnu++20";
				CLANG_ENABLE_MODULES = YES;
				CLANG_ENABLE_OBJC_ARC = YES;
				CLANG_ENABLE_OBJC_WEAK = YES;
				CLANG_WARN_BLOCK_CAPTURE_AUTORELEASING = YES;
				CLANG_WARN_BOOL_CONVERSION = YES;
				CLANG_WARN_COMMA = YES;
				CLANG_WARN_CONSTANT_CONVERSION = YES;
				CLANG_WARN_DEPRECATED_OBJC_IMPLEMENTATIONS = YES;
				CLANG_WARN_DIRECT_OBJC_ISA_USAGE = YES_ERROR;
				CLANG_WARN_DOCUMENTATION_COMMENTS = YES;
				CLANG_WARN_EMPTY_BODY = YES;
				CLANG_WARN_ENUM_CONVERSION = YES;
				CLANG_WARN_INFINITE_RECURSION = YES;
				CLANG_WARN_INT_CONVERSION = YES;
				CLANG_WARN_NON_LITERAL_NULL_CONVERSION = YES;
				CLANG_WARN_OBJC_IMPLICIT_RETAIN_SELF = YES;
				CLANG_WARN_OBJC_LITERAL_CONVERSION = YES;
				CLANG_WARN_OBJC_ROOT_CLASS = YES_ERROR;
				CLANG_WARN_QUOTED_INCLUDE_IN_FRAMEWORK_HEADER = YES;
				CLANG_WARN_RANGE_LOOP_ANALYSIS = YES;
				CLANG_WARN_STRICT_PROTOTYPES = YES;
				CLANG_WARN_SUSPICIOUS_MOVE = YES;
				CLANG_WARN_UNGUARDED_AVAILABILITY = YES_AGGRESSIVE;
				CLANG_WARN_UNREACHABLE_CODE = YES;
				CLANG_WARN__DUPLICATE_METHOD_MATCH = YES;
				COPY_PHASE_STRIP = NO;
				DEBUG_INFORMATION_FORMAT = dwarf;
				ENABLE_STRICT_OBJC_MSGSEND = YES;
				ENABLE_TESTABILITY = YES;
				ENABLE_USER_SCRIPT_SANDBOXING = YES;
				GCC_C_LANGUAGE_STANDARD = gnu17;
				GCC_DYNAMIC_NO_PIC = NO;
				GCC_NO_COMMON_BLOCKS = YES;
				GCC_OPTIMIZATION_LEVEL = 0;
				GCC_PREPROCESSOR_DEFINITIONS = (
					"DEBUG=1",
					"$(inherited)",
				);
				GCC_WARN_64_TO_32_BIT_CONVERSION = YES;
				GCC_WARN_ABOUT_RETURN_TYPE = YES_ERROR;
				GCC_WARN_UNDECLARED_SELECTOR = YES;
				GCC_WARN_UNINITIALIZED_AUTOS = YES_AGGRESSIVE;
				GCC_WARN_UNUSED_FUNCTION = YES;
				GCC_WARN_UNUSED_VARIABLE = YES;
				IPHONEOS_DEPLOYMENT_TARGET = 17.5;
				LOCALIZATION_PREFERS_STRING_CATALOGS = YES;
				MTL_ENABLE_DEBUG_INFO = INCLUDE_SOURCE;
				MTL_FAST_MATH = YES;
				ONLY_ACTIVE_ARCH = YES;
				SDKROOT = iphoneos;
				SWIFT_ACTIVE_COMPILATION_CONDITIONS = "DEBUG $(inherited)";
				SWIFT_OPTIMIZATION_LEVEL = "-Onone";
			};
			name = Debug;
		};
		393615CB2CA3724400D2111D /* Release */ = {
			isa = XCBuildConfiguration;
			buildSettings = {
				ALWAYS_SEARCH_USER_PATHS = NO;
				ASSETCATALOG_COMPILER_GENERATE_SWIFT_ASSET_SYMBOL_EXTENSIONS = YES;
				CLANG_ANALYZER_NONNULL = YES;
				CLANG_ANALYZER_NUMBER_OBJECT_CONVERSION = YES_AGGRESSIVE;
				CLANG_CXX_LANGUAGE_STANDARD = "gnu++20";
				CLANG_ENABLE_MODULES = YES;
				CLANG_ENABLE_OBJC_ARC = YES;
				CLANG_ENABLE_OBJC_WEAK = YES;
				CLANG_WARN_BLOCK_CAPTURE_AUTORELEASING = YES;
				CLANG_WARN_BOOL_CONVERSION = YES;
				CLANG_WARN_COMMA = YES;
				CLANG_WARN_CONSTANT_CONVERSION = YES;
				CLANG_WARN_DEPRECATED_OBJC_IMPLEMENTATIONS = YES;
				CLANG_WARN_DIRECT_OBJC_ISA_USAGE = YES_ERROR;
				CLANG_WARN_DOCUMENTATION_COMMENTS = YES;
				CLANG_WARN_EMPTY_BODY = YES;
				CLANG_WARN_ENUM_CONVERSION = YES;
				CLANG_WARN_INFINITE_RECURSION = YES;
				CLANG_WARN_INT_CONVERSION = YES;
				CLANG_WARN_NON_LITERAL_NULL_CONVERSION = YES;
				CLANG_WARN_OBJC_IMPLICIT_RETAIN_SELF = YES;
				CLANG_WARN_OBJC_LITERAL_CONVERSION = YES;
				CLANG_WARN_OBJC_ROOT_CLASS = YES_ERROR;
				CLANG_WARN_QUOTED_INCLUDE_IN_FRAMEWORK_HEADER = YES;
				CLANG_WARN_RANGE_LOOP_ANALYSIS = YES;
				CLANG_WARN_STRICT_PROTOTYPES = YES;
				CLANG_WARN_SUSPICIOUS_MOVE = YES;
				CLANG_WARN_UNGUARDED_AVAILABILITY = YES_AGGRESSIVE;
				CLANG_WARN_UNREACHABLE_CODE = YES;
				CLANG_WARN__DUPLICATE_METHOD_MATCH = YES;
				COPY_PHASE_STRIP = NO;
				DEBUG_INFORMATION_FORMAT = "dwarf-with-dsym";
				ENABLE_NS_ASSERTIONS = NO;
				ENABLE_STRICT_OBJC_MSGSEND = YES;
				ENABLE_USER_SCRIPT_SANDBOXING = YES;
				GCC_C_LANGUAGE_STANDARD = gnu17;
				GCC_NO_COMMON_BLOCKS = YES;
				GCC_WARN_64_TO_32_BIT_CONVERSION = YES;
				GCC_WARN_ABOUT_RETURN_TYPE = YES_ERROR;
				GCC_WARN_UNDECLARED_SELECTOR = YES;
				GCC_WARN_UNINITIALIZED_AUTOS = YES_AGGRESSIVE;
				GCC_WARN_UNUSED_FUNCTION = YES;
				GCC_WARN_UNUSED_VARIABLE = YES;
				IPHONEOS_DEPLOYMENT_TARGET = 17.5;
				LOCALIZATION_PREFERS_STRING_CATALOGS = YES;
				MTL_ENABLE_DEBUG_INFO = NO;
				MTL_FAST_MATH = YES;
				SDKROOT = iphoneos;
				SWIFT_COMPILATION_MODE = wholemodule;
				VALIDATE_PRODUCT = YES;
			};
			name = Release;
		};
		393615CD2CA3724400D2111D /* Debug */ = {
			isa = XCBuildConfiguration;
			buildSettings = {
				ASSETCATALOG_COMPILER_APPICON_NAME = AppIcon;
				ASSETCATALOG_COMPILER_GLOBAL_ACCENT_COLOR_NAME = AccentColor;
				CODE_SIGN_STYLE = Automatic;
				CURRENT_PROJECT_VERSION = 1;
				GENERATE_INFOPLIST_FILE = YES;
				INFOPLIST_FILE = HW13/Info.plist;
				INFOPLIST_KEY_UIApplicationSupportsIndirectInputEvents = YES;
				INFOPLIST_KEY_UILaunchStoryboardName = LaunchScreen;
				INFOPLIST_KEY_UIMainStoryboardFile = Main;
				INFOPLIST_KEY_UISupportedInterfaceOrientations_iPad = "UIInterfaceOrientationPortrait UIInterfaceOrientationPortraitUpsideDown UIInterfaceOrientationLandscapeLeft UIInterfaceOrientationLandscapeRight";
				INFOPLIST_KEY_UISupportedInterfaceOrientations_iPhone = "UIInterfaceOrientationPortrait UIInterfaceOrientationLandscapeLeft UIInterfaceOrientationLandscapeRight";
				LD_RUNPATH_SEARCH_PATHS = (
					"$(inherited)",
					"@executable_path/Frameworks",
				);
				MARKETING_VERSION = 1.0;
				PRODUCT_BUNDLE_IDENTIFIER = ooosh.HW13;
				PRODUCT_NAME = "$(TARGET_NAME)";
				SWIFT_EMIT_LOC_STRINGS = YES;
				SWIFT_VERSION = 5.0;
				TARGETED_DEVICE_FAMILY = "1,2";
			};
			name = Debug;
		};
		393615CE2CA3724400D2111D /* Release */ = {
			isa = XCBuildConfiguration;
			buildSettings = {
				ASSETCATALOG_COMPILER_APPICON_NAME = AppIcon;
				ASSETCATALOG_COMPILER_GLOBAL_ACCENT_COLOR_NAME = AccentColor;
				CODE_SIGN_STYLE = Automatic;
				CURRENT_PROJECT_VERSION = 1;
				GENERATE_INFOPLIST_FILE = YES;
				INFOPLIST_FILE = HW13/Info.plist;
				INFOPLIST_KEY_UIApplicationSupportsIndirectInputEvents = YES;
				INFOPLIST_KEY_UILaunchStoryboardName = LaunchScreen;
				INFOPLIST_KEY_UIMainStoryboardFile = Main;
				INFOPLIST_KEY_UISupportedInterfaceOrientations_iPad = "UIInterfaceOrientationPortrait UIInterfaceOrientationPortraitUpsideDown UIInterfaceOrientationLandscapeLeft UIInterfaceOrientationLandscapeRight";
				INFOPLIST_KEY_UISupportedInterfaceOrientations_iPhone = "UIInterfaceOrientationPortrait UIInterfaceOrientationLandscapeLeft UIInterfaceOrientationLandscapeRight";
				LD_RUNPATH_SEARCH_PATHS = (
					"$(inherited)",
					"@executable_path/Frameworks",
				);
				MARKETING_VERSION = 1.0;
				PRODUCT_BUNDLE_IDENTIFIER = ooosh.HW13;
				PRODUCT_NAME = "$(TARGET_NAME)";
				SWIFT_EMIT_LOC_STRINGS = YES;
				SWIFT_VERSION = 5.0;
				TARGETED_DEVICE_FAMILY = "1,2";
			};
			name = Release;
		};
		393615D02CA3724400D2111D /* Debug */ = {
			isa = XCBuildConfiguration;
			buildSettings = {
				ALWAYS_EMBED_SWIFT_STANDARD_LIBRARIES = YES;
				BUNDLE_LOADER = "$(TEST_HOST)";
				CODE_SIGN_STYLE = Automatic;
				CURRENT_PROJECT_VERSION = 1;
				GENERATE_INFOPLIST_FILE = YES;
				IPHONEOS_DEPLOYMENT_TARGET = 17.5;
				MARKETING_VERSION = 1.0;
				PRODUCT_BUNDLE_IDENTIFIER = ooosh.HW13Tests;
				PRODUCT_NAME = "$(TARGET_NAME)";
				SWIFT_EMIT_LOC_STRINGS = NO;
				SWIFT_VERSION = 5.0;
				TARGETED_DEVICE_FAMILY = "1,2";
				TEST_HOST = "$(BUILT_PRODUCTS_DIR)/HW13.app/$(BUNDLE_EXECUTABLE_FOLDER_PATH)/HW13";
			};
			name = Debug;
		};
		393615D12CA3724400D2111D /* Release */ = {
			isa = XCBuildConfiguration;
			buildSettings = {
				ALWAYS_EMBED_SWIFT_STANDARD_LIBRARIES = YES;
				BUNDLE_LOADER = "$(TEST_HOST)";
				CODE_SIGN_STYLE = Automatic;
				CURRENT_PROJECT_VERSION = 1;
				GENERATE_INFOPLIST_FILE = YES;
				IPHONEOS_DEPLOYMENT_TARGET = 17.5;
				MARKETING_VERSION = 1.0;
				PRODUCT_BUNDLE_IDENTIFIER = ooosh.HW13Tests;
				PRODUCT_NAME = "$(TARGET_NAME)";
				SWIFT_EMIT_LOC_STRINGS = NO;
				SWIFT_VERSION = 5.0;
				TARGETED_DEVICE_FAMILY = "1,2";
				TEST_HOST = "$(BUILT_PRODUCTS_DIR)/HW13.app/$(BUNDLE_EXECUTABLE_FOLDER_PATH)/HW13";
			};
			name = Release;
		};
		393615D32CA3724400D2111D /* Debug */ = {
			isa = XCBuildConfiguration;
			buildSettings = {
				ALWAYS_EMBED_SWIFT_STANDARD_LIBRARIES = YES;
				CODE_SIGN_STYLE = Automatic;
				CURRENT_PROJECT_VERSION = 1;
				GENERATE_INFOPLIST_FILE = YES;
				MARKETING_VERSION = 1.0;
				PRODUCT_BUNDLE_IDENTIFIER = ooosh.HW13UITests;
				PRODUCT_NAME = "$(TARGET_NAME)";
				SWIFT_EMIT_LOC_STRINGS = NO;
				SWIFT_VERSION = 5.0;
				TARGETED_DEVICE_FAMILY = "1,2";
				TEST_TARGET_NAME = HW13;
			};
			name = Debug;
		};
		393615D42CA3724400D2111D /* Release */ = {
			isa = XCBuildConfiguration;
			buildSettings = {
				ALWAYS_EMBED_SWIFT_STANDARD_LIBRARIES = YES;
				CODE_SIGN_STYLE = Automatic;
				CURRENT_PROJECT_VERSION = 1;
				GENERATE_INFOPLIST_FILE = YES;
				MARKETING_VERSION = 1.0;
				PRODUCT_BUNDLE_IDENTIFIER = ooosh.HW13UITests;
				PRODUCT_NAME = "$(TARGET_NAME)";
				SWIFT_EMIT_LOC_STRINGS = NO;
				SWIFT_VERSION = 5.0;
				TARGETED_DEVICE_FAMILY = "1,2";
				TEST_TARGET_NAME = HW13;
			};
			name = Release;
		};
/* End XCBuildConfiguration section */

/* Begin XCConfigurationList section */
		3936159D2CA3723D00D2111D /* Build configuration list for PBXProject "HW13" */ = {
			isa = XCConfigurationList;
			buildConfigurations = (
				393615CA2CA3724400D2111D /* Debug */,
				393615CB2CA3724400D2111D /* Release */,
			);
			defaultConfigurationIsVisible = 0;
			defaultConfigurationName = Release;
		};
		393615CC2CA3724400D2111D /* Build configuration list for PBXNativeTarget "HW13" */ = {
			isa = XCConfigurationList;
			buildConfigurations = (
				393615CD2CA3724400D2111D /* Debug */,
				393615CE2CA3724400D2111D /* Release */,
			);
			defaultConfigurationIsVisible = 0;
			defaultConfigurationName = Release;
		};
		393615CF2CA3724400D2111D /* Build configuration list for PBXNativeTarget "HW13Tests" */ = {
			isa = XCConfigurationList;
			buildConfigurations = (
				393615D02CA3724400D2111D /* Debug */,
				393615D12CA3724400D2111D /* Release */,
			);
			defaultConfigurationIsVisible = 0;
			defaultConfigurationName = Release;
		};
		393615D22CA3724400D2111D /* Build configuration list for PBXNativeTarget "HW13UITests" */ = {
			isa = XCConfigurationList;
			buildConfigurations = (
				393615D32CA3724400D2111D /* Debug */,
				393615D42CA3724400D2111D /* Release */,
			);
			defaultConfigurationIsVisible = 0;
			defaultConfigurationName = Release;
		};
/* End XCConfigurationList section */
	};
	rootObject = 3936159A2CA3723D00D2111D /* Project object */;
}
