// !$*UTF8*$!
{
	archiveVersion = 1;
	classes = {
	};
	objectVersion = 56;
	objects = {

/* Begin PBXBuildFile section */
		392837372D10AAF3007ED427 /* RegisterViewController.swift in Sources */ = {isa = PBXBuildFile; fileRef = 392837362D10AAF3007ED427 /* RegisterViewController.swift */; };
		394BB8472CEF77E40077CD8E /* AppDelegate.swift in Sources */ = {isa = PBXBuildFile; fileRef = 394BB8462CEF77E40077CD8E /* AppDelegate.swift */; };
		394BB8492CEF77E40077CD8E /* SceneDelegate.swift in Sources */ = {isa = PBXBuildFile; fileRef = 394BB8482CEF77E40077CD8E /* SceneDelegate.swift */; };
		394BB84B2CEF77E40077CD8E /* LoginViewController.swift in Sources */ = {isa = PBXBuildFile; fileRef = 394BB84A2CEF77E40077CD8E /* LoginViewController.swift */; };
		394BB8512CEF77E40077CD8E /* MyGraduationProject.xcdatamodeld in Sources */ = {isa = PBXBuildFile; fileRef = 394BB84F2CEF77E40077CD8E /* MyGraduationProject.xcdatamodeld */; };
		394BB8532CEF77E70077CD8E /* Assets.xcassets in Resources */ = {isa = PBXBuildFile; fileRef = 394BB8522CEF77E70077CD8E /* Assets.xcassets */; };
		394BB8562CEF77E70077CD8E /* Base in Resources */ = {isa = PBXBuildFile; fileRef = 394BB8552CEF77E70077CD8E /* Base */; };
		396770E12D0F2402001E5001 /* FirebaseAuth in Frameworks */ = {isa = PBXBuildFile; productRef = 396770E02D0F2402001E5001 /* FirebaseAuth */; };
		396770E32D0F246D001E5001 /* FirebaseAppCheck in Frameworks */ = {isa = PBXBuildFile; productRef = 396770E22D0F246D001E5001 /* FirebaseAppCheck */; };
		396770E52D0F2483001E5001 /* FirebaseAnalytics in Frameworks */ = {isa = PBXBuildFile; productRef = 396770E42D0F2483001E5001 /* FirebaseAnalytics */; };
		396770E72D0F2498001E5001 /* FirebaseAppDistribution-Beta in Frameworks */ = {isa = PBXBuildFile; productRef = 396770E62D0F2498001E5001 /* FirebaseAppDistribution-Beta */; };
		396770E92D0F24A5001E5001 /* FirebaseAnalyticsWithoutAdIdSupport in Frameworks */ = {isa = PBXBuildFile; productRef = 396770E82D0F24A5001E5001 /* FirebaseAnalyticsWithoutAdIdSupport */; };
		396770EB2D0F24B1001E5001 /* FirebaseAnalyticsOnDeviceConversion in Frameworks */ = {isa = PBXBuildFile; productRef = 396770EA2D0F24B1001E5001 /* FirebaseAnalyticsOnDeviceConversion */; };
		396770ED2D0F256B001E5001 /* FirebaseFirestore in Frameworks */ = {isa = PBXBuildFile; productRef = 396770EC2D0F256B001E5001 /* FirebaseFirestore */; };
		396770EF2D0F38CE001E5001 /* FireBase.swift in Sources */ = {isa = PBXBuildFile; fileRef = 396770EE2D0F38CE001E5001 /* FireBase.swift */; };
		39719CFF2CEFF1E100FC15B5 /* HomeViewController.swift in Sources */ = {isa = PBXBuildFile; fileRef = 39719CFE2CEFF1E100FC15B5 /* HomeViewController.swift */; };
		39C8DC2B2D10C2C5009DFD9B /* GoogleService-Info.plist in Resources */ = {isa = PBXBuildFile; fileRef = 39C8DC2A2D10C2C5009DFD9B /* GoogleService-Info.plist */; };
		39C8DC2D2D10D5C8009DFD9B /* User.swift in Sources */ = {isa = PBXBuildFile; fileRef = 39C8DC2C2D10D5C8009DFD9B /* User.swift */; };
		39E4DA8B2D12A94300D6D423 /* FirebaseDatabase in Frameworks */ = {isa = PBXBuildFile; productRef = 39E4DA8A2D12A94300D6D423 /* FirebaseDatabase */; };
		39E4DA8D2D12A94B00D6D423 /* FirebaseStorage in Frameworks */ = {isa = PBXBuildFile; productRef = 39E4DA8C2D12A94B00D6D423 /* FirebaseStorage */; };
/* End PBXBuildFile section */

/* Begin PBXFileReference section */
		392837362D10AAF3007ED427 /* RegisterViewController.swift */ = {isa = PBXFileReference; lastKnownFileType = sourcecode.swift; name = RegisterViewController.swift; path = ../../RegisterViewController.swift; sourceTree = "<group>"; };
		394BB8432CEF77E40077CD8E /* MyGraduationProject.app */ = {isa = PBXFileReference; explicitFileType = wrapper.application; includeInIndex = 0; path = MyGraduationProject.app; sourceTree = BUILT_PRODUCTS_DIR; };
		394BB8462CEF77E40077CD8E /* AppDelegate.swift */ = {isa = PBXFileReference; lastKnownFileType = sourcecode.swift; path = AppDelegate.swift; sourceTree = "<group>"; };
		394BB8482CEF77E40077CD8E /* SceneDelegate.swift */ = {isa = PBXFileReference; lastKnownFileType = sourcecode.swift; path = SceneDelegate.swift; sourceTree = "<group>"; };
		394BB84A2CEF77E40077CD8E /* LoginViewController.swift */ = {isa = PBXFileReference; lastKnownFileType = sourcecode.swift; path = LoginViewController.swift; sourceTree = "<group>"; };
		394BB8502CEF77E40077CD8E /* MyGraduationProject.xcdatamodel */ = {isa = PBXFileReference; lastKnownFileType = wrapper.xcdatamodel; path = MyGraduationProject.xcdatamodel; sourceTree = "<group>"; };
		394BB8522CEF77E70077CD8E /* Assets.xcassets */ = {isa = PBXFileReference; lastKnownFileType = folder.assetcatalog; path = Assets.xcassets; sourceTree = "<group>"; };
		394BB8552CEF77E70077CD8E /* Base */ = {isa = PBXFileReference; lastKnownFileType = file.storyboard; name = Base; path = Base.lproj/LaunchScreen.storyboard; sourceTree = "<group>"; };
		394BB8572CEF77E70077CD8E /* Info.plist */ = {isa = PBXFileReference; lastKnownFileType = text.plist.xml; path = Info.plist; sourceTree = "<group>"; };
		396770EE2D0F38CE001E5001 /* FireBase.swift */ = {isa = PBXFileReference; lastKnownFileType = sourcecode.swift; path = FireBase.swift; sourceTree = "<group>"; };
		39719CFE2CEFF1E100FC15B5 /* HomeViewController.swift */ = {isa = PBXFileReference; lastKnownFileType = sourcecode.swift; path = HomeViewController.swift; sourceTree = "<group>"; };
		39C8DC2A2D10C2C5009DFD9B /* GoogleService-Info.plist */ = {isa = PBXFileReference; fileEncoding = 4; lastKnownFileType = text.plist.xml; name = "GoogleService-Info.plist"; path = "../../../Downloads/GoogleService-Info.plist"; sourceTree = "<group>"; };
		39C8DC2C2D10D5C8009DFD9B /* User.swift */ = {isa = PBXFileReference; lastKnownFileType = sourcecode.swift; path = User.swift; sourceTree = "<group>"; };
		39CA99CB2D00CA7E0052F884 /* MyGraduationProject.entitlements */ = {isa = PBXFileReference; lastKnownFileType = text.plist.entitlements; path = MyGraduationProject.entitlements; sourceTree = "<group>"; };
/* End PBXFileReference section */

/* Begin PBXFrameworksBuildPhase section */
		394BB8402CEF77E40077CD8E /* Frameworks */ = {
			isa = PBXFrameworksBuildPhase;
			buildActionMask = 2147483647;
			files = (
				396770E32D0F246D001E5001 /* FirebaseAppCheck in Frameworks */,
				396770EB2D0F24B1001E5001 /* FirebaseAnalyticsOnDeviceConversion in Frameworks */,
				39E4DA8D2D12A94B00D6D423 /* FirebaseStorage in Frameworks */,
				396770E92D0F24A5001E5001 /* FirebaseAnalyticsWithoutAdIdSupport in Frameworks */,
				396770E12D0F2402001E5001 /* FirebaseAuth in Frameworks */,
				396770E52D0F2483001E5001 /* FirebaseAnalytics in Frameworks */,
				396770E72D0F2498001E5001 /* FirebaseAppDistribution-Beta in Frameworks */,
				39E4DA8B2D12A94300D6D423 /* FirebaseDatabase in Frameworks */,
				396770ED2D0F256B001E5001 /* FirebaseFirestore in Frameworks */,
			);
			runOnlyForDeploymentPostprocessing = 0;
		};
/* End PBXFrameworksBuildPhase section */

/* Begin PBXGroup section */
		390144C12CEFF4D60057E5F2 /* AuthModule */ = {
			isa = PBXGroup;
			children = (
				394BB84A2CEF77E40077CD8E /* LoginViewController.swift */,
				39C8DC2C2D10D5C8009DFD9B /* User.swift */,
				392837362D10AAF3007ED427 /* RegisterViewController.swift */,
				396770EE2D0F38CE001E5001 /* FireBase.swift */,
			);
			path = AuthModule;
			sourceTree = "<group>";
		};
		394BB83A2CEF77E30077CD8E = {
			isa = PBXGroup;
			children = (
				394BB8452CEF77E40077CD8E /* MyGraduationProject */,
				394BB8442CEF77E40077CD8E /* Products */,
				396770DF2D0F2402001E5001 /* Frameworks */,
			);
			sourceTree = "<group>";
		};
		394BB8442CEF77E40077CD8E /* Products */ = {
			isa = PBXGroup;
			children = (
				394BB8432CEF77E40077CD8E /* MyGraduationProject.app */,
			);
			name = Products;
			sourceTree = "<group>";
		};
		394BB8452CEF77E40077CD8E /* MyGraduationProject */ = {
			isa = PBXGroup;
			children = (
				39CA99CB2D00CA7E0052F884 /* MyGraduationProject.entitlements */,
				394BB8462CEF77E40077CD8E /* AppDelegate.swift */,
				394BB8482CEF77E40077CD8E /* SceneDelegate.swift */,
				394BB8542CEF77E70077CD8E /* LaunchScreen.storyboard */,
				39C8DC2A2D10C2C5009DFD9B /* GoogleService-Info.plist */,
				394BB8572CEF77E70077CD8E /* Info.plist */,
				394BB84F2CEF77E40077CD8E /* MyGraduationProject.xcdatamodeld */,
				394BB8522CEF77E70077CD8E /* Assets.xcassets */,
				397036492D0DA9C300E68005 /* App */,
				390144C12CEFF4D60057E5F2 /* AuthModule */,
			);
			path = MyGraduationProject;
			sourceTree = "<group>";
		};
		396770DF2D0F2402001E5001 /* Frameworks */ = {
			isa = PBXGroup;
			children = (
			);
			name = Frameworks;
			sourceTree = "<group>";
		};
		397036492D0DA9C300E68005 /* App */ = {
			isa = PBXGroup;
			children = (
				39719CFE2CEFF1E100FC15B5 /* HomeViewController.swift */,
			);
			name = App;
			sourceTree = "<group>";
		};
/* End PBXGroup section */

/* Begin PBXNativeTarget section */
		394BB8422CEF77E40077CD8E /* MyGraduationProject */ = {
			isa = PBXNativeTarget;
			buildConfigurationList = 394BB85A2CEF77E70077CD8E /* Build configuration list for PBXNativeTarget "MyGraduationProject" */;
			buildPhases = (
				394BB83F2CEF77E40077CD8E /* Sources */,
				394BB8402CEF77E40077CD8E /* Frameworks */,
				394BB8412CEF77E40077CD8E /* Resources */,
			);
			buildRules = (
			);
			dependencies = (
			);
			name = MyGraduationProject;
			packageProductDependencies = (
				396770E02D0F2402001E5001 /* FirebaseAuth */,
				396770E22D0F246D001E5001 /* FirebaseAppCheck */,
				396770E42D0F2483001E5001 /* FirebaseAnalytics */,
				396770E62D0F2498001E5001 /* FirebaseAppDistribution-Beta */,
				396770E82D0F24A5001E5001 /* FirebaseAnalyticsWithoutAdIdSupport */,
				396770EA2D0F24B1001E5001 /* FirebaseAnalyticsOnDeviceConversion */,
				396770EC2D0F256B001E5001 /* FirebaseFirestore */,
				39E4DA8A2D12A94300D6D423 /* FirebaseDatabase */,
				39E4DA8C2D12A94B00D6D423 /* FirebaseStorage */,
			);
			productName = MyGraduationProject;
			productReference = 394BB8432CEF77E40077CD8E /* MyGraduationProject.app */;
			productType = "com.apple.product-type.application";
		};
/* End PBXNativeTarget section */

/* Begin PBXProject section */
		394BB83B2CEF77E30077CD8E /* Project object */ = {
			isa = PBXProject;
			attributes = {
				BuildIndependentTargetsInParallel = 1;
				LastSwiftUpdateCheck = 1540;
				LastUpgradeCheck = 1540;
				TargetAttributes = {
					394BB8422CEF77E40077CD8E = {
						CreatedOnToolsVersion = 15.4;
					};
				};
			};
			buildConfigurationList = 394BB83E2CEF77E30077CD8E /* Build configuration list for PBXProject "MyGraduationProject" */;
			compatibilityVersion = "Xcode 14.0";
			developmentRegion = en;
			hasScannedForEncodings = 0;
			knownRegions = (
				en,
				Base,
			);
			mainGroup = 394BB83A2CEF77E30077CD8E;
			packageReferences = (
				396770DE2D0F2354001E5001 /* XCRemoteSwiftPackageReference "firebase-ios-sdk" */,
			);
			productRefGroup = 394BB8442CEF77E40077CD8E /* Products */;
			projectDirPath = "";
			projectRoot = "";
			targets = (
				394BB8422CEF77E40077CD8E /* MyGraduationProject */,
			);
		};
/* End PBXProject section */

/* Begin PBXResourcesBuildPhase section */
		394BB8412CEF77E40077CD8E /* Resources */ = {
			isa = PBXResourcesBuildPhase;
			buildActionMask = 2147483647;
			files = (
				394BB8532CEF77E70077CD8E /* Assets.xcassets in Resources */,
				394BB8562CEF77E70077CD8E /* Base in Resources */,
				39C8DC2B2D10C2C5009DFD9B /* GoogleService-Info.plist in Resources */,
			);
			runOnlyForDeploymentPostprocessing = 0;
		};
/* End PBXResourcesBuildPhase section */

/* Begin PBXSourcesBuildPhase section */
		394BB83F2CEF77E40077CD8E /* Sources */ = {
			isa = PBXSourcesBuildPhase;
			buildActionMask = 2147483647;
			files = (
				39719CFF2CEFF1E100FC15B5 /* HomeViewController.swift in Sources */,
				394BB84B2CEF77E40077CD8E /* LoginViewController.swift in Sources */,
				392837372D10AAF3007ED427 /* RegisterViewController.swift in Sources */,
				394BB8472CEF77E40077CD8E /* AppDelegate.swift in Sources */,
				39C8DC2D2D10D5C8009DFD9B /* User.swift in Sources */,
				394BB8512CEF77E40077CD8E /* MyGraduationProject.xcdatamodeld in Sources */,
				394BB8492CEF77E40077CD8E /* SceneDelegate.swift in Sources */,
				396770EF2D0F38CE001E5001 /* FireBase.swift in Sources */,
			);
			runOnlyForDeploymentPostprocessing = 0;
		};
/* End PBXSourcesBuildPhase section */

/* Begin PBXVariantGroup section */
		394BB8542CEF77E70077CD8E /* LaunchScreen.storyboard */ = {
			isa = PBXVariantGroup;
			children = (
				394BB8552CEF77E70077CD8E /* Base */,
			);
			name = LaunchScreen.storyboard;
			sourceTree = "<group>";
		};
/* End PBXVariantGroup section */

/* Begin XCBuildConfiguration section */
		394BB8582CEF77E70077CD8E /* Debug */ = {
			isa = XCBuildConfiguration;
			buildSettings = {
				ALWAYS_SEARCH_USER_PATHS = NO;
				ASSETCATALOG_COMPILER_GENERATE_SWIFT_ASSET_SYMBOL_EXTENSIONS = YES;
				CLANG_ANALYZER_NONNULL = YES;
				CLANG_ANALYZER_NUMBER_OBJECT_CONVERSION = YES_AGGRESSIVE;
				CLANG_CXX_LANGUAGE_STANDARD = "gnu++20";
				CLANG_ENABLE_MODULES = YES;
				CLANG_ENABLE_OBJC_ARC = YES;
				CLANG_ENABLE_OBJC_WEAK = YES;
				CLANG_WARN_BLOCK_CAPTURE_AUTORELEASING = YES;
				CLANG_WARN_BOOL_CONVERSION = YES;
				CLANG_WARN_COMMA = YES;
				CLANG_WARN_CONSTANT_CONVERSION = YES;
				CLANG_WARN_DEPRECATED_OBJC_IMPLEMENTATIONS = YES;
				CLANG_WARN_DIRECT_OBJC_ISA_USAGE = YES_ERROR;
				CLANG_WARN_DOCUMENTATION_COMMENTS = YES;
				CLANG_WARN_EMPTY_BODY = YES;
				CLANG_WARN_ENUM_CONVERSION = YES;
				CLANG_WARN_INFINITE_RECURSION = YES;
				CLANG_WARN_INT_CONVERSION = YES;
				CLANG_WARN_NON_LITERAL_NULL_CONVERSION = YES;
				CLANG_WARN_OBJC_IMPLICIT_RETAIN_SELF = YES;
				CLANG_WARN_OBJC_LITERAL_CONVERSION = YES;
				CLANG_WARN_OBJC_ROOT_CLASS = YES_ERROR;
				CLANG_WARN_QUOTED_INCLUDE_IN_FRAMEWORK_HEADER = YES;
				CLANG_WARN_RANGE_LOOP_ANALYSIS = YES;
				CLANG_WARN_STRICT_PROTOTYPES = YES;
				CLANG_WARN_SUSPICIOUS_MOVE = YES;
				CLANG_WARN_UNGUARDED_AVAILABILITY = YES_AGGRESSIVE;
				CLANG_WARN_UNREACHABLE_CODE = YES;
				CLANG_WARN__DUPLICATE_METHOD_MATCH = YES;
				COPY_PHASE_STRIP = NO;
				DEBUG_INFORMATION_FORMAT = dwarf;
				ENABLE_STRICT_OBJC_MSGSEND = YES;
				ENABLE_TESTABILITY = YES;
				ENABLE_USER_SCRIPT_SANDBOXING = YES;
				GCC_C_LANGUAGE_STANDARD = gnu17;
				GCC_DYNAMIC_NO_PIC = NO;
				GCC_NO_COMMON_BLOCKS = YES;
				GCC_OPTIMIZATION_LEVEL = 0;
				GCC_PREPROCESSOR_DEFINITIONS = (
					"DEBUG=1",
					"$(inherited)",
				);
				GCC_WARN_64_TO_32_BIT_CONVERSION = YES;
				GCC_WARN_ABOUT_RETURN_TYPE = YES_ERROR;
				GCC_WARN_UNDECLARED_SELECTOR = YES;
				GCC_WARN_UNINITIALIZED_AUTOS = YES_AGGRESSIVE;
				GCC_WARN_UNUSED_FUNCTION = YES;
				GCC_WARN_UNUSED_VARIABLE = YES;
				IPHONEOS_DEPLOYMENT_TARGET = 17.5;
				LOCALIZATION_PREFERS_STRING_CATALOGS = YES;
				MTL_ENABLE_DEBUG_INFO = INCLUDE_SOURCE;
				MTL_FAST_MATH = YES;
				ONLY_ACTIVE_ARCH = YES;
				SDKROOT = iphoneos;
				SWIFT_ACTIVE_COMPILATION_CONDITIONS = "DEBUG $(inherited)";
				SWIFT_OPTIMIZATION_LEVEL = "-Onone";
			};
			name = Debug;
		};
		394BB8592CEF77E70077CD8E /* Release */ = {
			isa = XCBuildConfiguration;
			buildSettings = {
				ALWAYS_SEARCH_USER_PATHS = NO;
				ASSETCATALOG_COMPILER_GENERATE_SWIFT_ASSET_SYMBOL_EXTENSIONS = YES;
				CLANG_ANALYZER_NONNULL = YES;
				CLANG_ANALYZER_NUMBER_OBJECT_CONVERSION = YES_AGGRESSIVE;
				CLANG_CXX_LANGUAGE_STANDARD = "gnu++20";
				CLANG_ENABLE_MODULES = YES;
				CLANG_ENABLE_OBJC_ARC = YES;
				CLANG_ENABLE_OBJC_WEAK = YES;
				CLANG_WARN_BLOCK_CAPTURE_AUTORELEASING = YES;
				CLANG_WARN_BOOL_CONVERSION = YES;
				CLANG_WARN_COMMA = YES;
				CLANG_WARN_CONSTANT_CONVERSION = YES;
				CLANG_WARN_DEPRECATED_OBJC_IMPLEMENTATIONS = YES;
				CLANG_WARN_DIRECT_OBJC_ISA_USAGE = YES_ERROR;
				CLANG_WARN_DOCUMENTATION_COMMENTS = YES;
				CLANG_WARN_EMPTY_BODY = YES;
				CLANG_WARN_ENUM_CONVERSION = YES;
				CLANG_WARN_INFINITE_RECURSION = YES;
				CLANG_WARN_INT_CONVERSION = YES;
				CLANG_WARN_NON_LITERAL_NULL_CONVERSION = YES;
				CLANG_WARN_OBJC_IMPLICIT_RETAIN_SELF = YES;
				CLANG_WARN_OBJC_LITERAL_CONVERSION = YES;
				CLANG_WARN_OBJC_ROOT_CLASS = YES_ERROR;
				CLANG_WARN_QUOTED_INCLUDE_IN_FRAMEWORK_HEADER = YES;
				CLANG_WARN_RANGE_LOOP_ANALYSIS = YES;
				CLANG_WARN_STRICT_PROTOTYPES = YES;
				CLANG_WARN_SUSPICIOUS_MOVE = YES;
				CLANG_WARN_UNGUARDED_AVAILABILITY = YES_AGGRESSIVE;
				CLANG_WARN_UNREACHABLE_CODE = YES;
				CLANG_WARN__DUPLICATE_METHOD_MATCH = YES;
				COPY_PHASE_STRIP = NO;
				DEBUG_INFORMATION_FORMAT = "dwarf-with-dsym";
				ENABLE_NS_ASSERTIONS = NO;
				ENABLE_STRICT_OBJC_MSGSEND = YES;
				ENABLE_USER_SCRIPT_SANDBOXING = YES;
				GCC_C_LANGUAGE_STANDARD = gnu17;
				GCC_NO_COMMON_BLOCKS = YES;
				GCC_WARN_64_TO_32_BIT_CONVERSION = YES;
				GCC_WARN_ABOUT_RETURN_TYPE = YES_ERROR;
				GCC_WARN_UNDECLARED_SELECTOR = YES;
				GCC_WARN_UNINITIALIZED_AUTOS = YES_AGGRESSIVE;
				GCC_WARN_UNUSED_FUNCTION = YES;
				GCC_WARN_UNUSED_VARIABLE = YES;
				IPHONEOS_DEPLOYMENT_TARGET = 17.5;
				LOCALIZATION_PREFERS_STRING_CATALOGS = YES;
				MTL_ENABLE_DEBUG_INFO = NO;
				MTL_FAST_MATH = YES;
				SDKROOT = iphoneos;
				SWIFT_COMPILATION_MODE = wholemodule;
				VALIDATE_PRODUCT = YES;
			};
			name = Release;
		};
		394BB85B2CEF77E70077CD8E /* Debug */ = {
			isa = XCBuildConfiguration;
			buildSettings = {
				ASSETCATALOG_COMPILER_APPICON_NAME = AppIcon;
				ASSETCATALOG_COMPILER_GLOBAL_ACCENT_COLOR_NAME = AccentColor;
				CODE_SIGN_ENTITLEMENTS = MyGraduationProject/MyGraduationProject.entitlements;
				CODE_SIGN_IDENTITY = "Apple Development";
				CODE_SIGN_STYLE = Automatic;
				CURRENT_PROJECT_VERSION = 1;
				DEVELOPMENT_TEAM = J68Z4V9625;
				GENERATE_INFOPLIST_FILE = YES;
				INFOPLIST_FILE = MyGraduationProject/Info.plist;
				INFOPLIST_KEY_UIApplicationSupportsIndirectInputEvents = YES;
				INFOPLIST_KEY_UILaunchStoryboardName = LaunchScreen;
				INFOPLIST_KEY_UISupportedInterfaceOrientations_iPad = "UIInterfaceOrientationPortrait UIInterfaceOrientationPortraitUpsideDown UIInterfaceOrientationLandscapeLeft UIInterfaceOrientationLandscapeRight";
				INFOPLIST_KEY_UISupportedInterfaceOrientations_iPhone = "UIInterfaceOrientationPortrait UIInterfaceOrientationLandscapeLeft UIInterfaceOrientationLandscapeRight";
				IPHONEOS_DEPLOYMENT_TARGET = 17.5;
				LD_RUNPATH_SEARCH_PATHS = (
					"$(inherited)",
					"@executable_path/Frameworks",
				);
				MARKETING_VERSION = 1.0;
				PRODUCT_BUNDLE_IDENTIFIER = ooosh.MyGraduationProject;
				PRODUCT_NAME = "$(TARGET_NAME)";
				PROVISIONING_PROFILE_SPECIFIER = "";
				SWIFT_EMIT_LOC_STRINGS = YES;
				SWIFT_VERSION = 5.0;
				TARGETED_DEVICE_FAMILY = "1,2";
			};
			name = Debug;
		};
		394BB85C2CEF77E70077CD8E /* Release */ = {
			isa = XCBuildConfiguration;
			buildSettings = {
				ASSETCATALOG_COMPILER_APPICON_NAME = AppIcon;
				ASSETCATALOG_COMPILER_GLOBAL_ACCENT_COLOR_NAME = AccentColor;
				CODE_SIGN_ENTITLEMENTS = MyGraduationProject/MyGraduationProject.entitlements;
				CODE_SIGN_IDENTITY = "Apple Development";
				CODE_SIGN_STYLE = Automatic;
				CURRENT_PROJECT_VERSION = 1;
				DEVELOPMENT_TEAM = J68Z4V9625;
				GENERATE_INFOPLIST_FILE = YES;
				INFOPLIST_FILE = MyGraduationProject/Info.plist;
				INFOPLIST_KEY_UIApplicationSupportsIndirectInputEvents = YES;
				INFOPLIST_KEY_UILaunchStoryboardName = LaunchScreen;
				INFOPLIST_KEY_UISupportedInterfaceOrientations_iPad = "UIInterfaceOrientationPortrait UIInterfaceOrientationPortraitUpsideDown UIInterfaceOrientationLandscapeLeft UIInterfaceOrientationLandscapeRight";
				INFOPLIST_KEY_UISupportedInterfaceOrientations_iPhone = "UIInterfaceOrientationPortrait UIInterfaceOrientationLandscapeLeft UIInterfaceOrientationLandscapeRight";
				IPHONEOS_DEPLOYMENT_TARGET = 17.5;
				LD_RUNPATH_SEARCH_PATHS = (
					"$(inherited)",
					"@executable_path/Frameworks",
				);
				MARKETING_VERSION = 1.0;
				PRODUCT_BUNDLE_IDENTIFIER = ooosh.MyGraduationProject;
				PRODUCT_NAME = "$(TARGET_NAME)";
				PROVISIONING_PROFILE_SPECIFIER = "";
				SWIFT_EMIT_LOC_STRINGS = YES;
				SWIFT_VERSION = 5.0;
				TARGETED_DEVICE_FAMILY = "1,2";
			};
			name = Release;
		};
/* End XCBuildConfiguration section */

/* Begin XCConfigurationList section */
		394BB83E2CEF77E30077CD8E /* Build configuration list for PBXProject "MyGraduationProject" */ = {
			isa = XCConfigurationList;
			buildConfigurations = (
				394BB8582CEF77E70077CD8E /* Debug */,
				394BB8592CEF77E70077CD8E /* Release */,
			);
			defaultConfigurationIsVisible = 0;
			defaultConfigurationName = Release;
		};
		394BB85A2CEF77E70077CD8E /* Build configuration list for PBXNativeTarget "MyGraduationProject" */ = {
			isa = XCConfigurationList;
			buildConfigurations = (
				394BB85B2CEF77E70077CD8E /* Debug */,
				394BB85C2CEF77E70077CD8E /* Release */,
			);
			defaultConfigurationIsVisible = 0;
			defaultConfigurationName = Release;
		};
/* End XCConfigurationList section */

/* Begin XCRemoteSwiftPackageReference section */
		396770DE2D0F2354001E5001 /* XCRemoteSwiftPackageReference "firebase-ios-sdk" */ = {
			isa = XCRemoteSwiftPackageReference;
			repositoryURL = "https://github.com/firebase/firebase-ios-sdk";
			requirement = {
				kind = exactVersion;
				version = 10.25.0;
			};
		};
/* End XCRemoteSwiftPackageReference section */

/* Begin XCSwiftPackageProductDependency section */
		396770E02D0F2402001E5001 /* FirebaseAuth */ = {
			isa = XCSwiftPackageProductDependency;
			package = 396770DE2D0F2354001E5001 /* XCRemoteSwiftPackageReference "firebase-ios-sdk" */;
			productName = FirebaseAuth;
		};
		396770E22D0F246D001E5001 /* FirebaseAppCheck */ = {
			isa = XCSwiftPackageProductDependency;
			package = 396770DE2D0F2354001E5001 /* XCRemoteSwiftPackageReference "firebase-ios-sdk" */;
			productName = FirebaseAppCheck;
		};
		396770E42D0F2483001E5001 /* FirebaseAnalytics */ = {
			isa = XCSwiftPackageProductDependency;
			package = 396770DE2D0F2354001E5001 /* XCRemoteSwiftPackageReference "firebase-ios-sdk" */;
			productName = FirebaseAnalytics;
		};
		396770E62D0F2498001E5001 /* FirebaseAppDistribution-Beta */ = {
			isa = XCSwiftPackageProductDependency;
			package = 396770DE2D0F2354001E5001 /* XCRemoteSwiftPackageReference "firebase-ios-sdk" */;
			productName = "FirebaseAppDistribution-Beta";
		};
		396770E82D0F24A5001E5001 /* FirebaseAnalyticsWithoutAdIdSupport */ = {
			isa = XCSwiftPackageProductDependency;
			package = 396770DE2D0F2354001E5001 /* XCRemoteSwiftPackageReference "firebase-ios-sdk" */;
			productName = FirebaseAnalyticsWithoutAdIdSupport;
		};
		396770EA2D0F24B1001E5001 /* FirebaseAnalyticsOnDeviceConversion */ = {
			isa = XCSwiftPackageProductDependency;
			package = 396770DE2D0F2354001E5001 /* XCRemoteSwiftPackageReference "firebase-ios-sdk" */;
			productName = FirebaseAnalyticsOnDeviceConversion;
		};
		396770EC2D0F256B001E5001 /* FirebaseFirestore */ = {
			isa = XCSwiftPackageProductDependency;
			package = 396770DE2D0F2354001E5001 /* XCRemoteSwiftPackageReference "firebase-ios-sdk" */;
			productName = FirebaseFirestore;
		};
		39E4DA8A2D12A94300D6D423 /* FirebaseDatabase */ = {
			isa = XCSwiftPackageProductDependency;
			package = 396770DE2D0F2354001E5001 /* XCRemoteSwiftPackageReference "firebase-ios-sdk" */;
			productName = FirebaseDatabase;
		};
		39E4DA8C2D12A94B00D6D423 /* FirebaseStorage */ = {
			isa = XCSwiftPackageProductDependency;
			package = 396770DE2D0F2354001E5001 /* XCRemoteSwiftPackageReference "firebase-ios-sdk" */;
			productName = FirebaseStorage;
		};
/* End XCSwiftPackageProductDependency section */

/* Begin XCVersionGroup section */
		394BB84F2CEF77E40077CD8E /* MyGraduationProject.xcdatamodeld */ = {
			isa = XCVersionGroup;
			children = (
				394BB8502CEF77E40077CD8E /* MyGraduationProject.xcdatamodel */,
			);
			currentVersion = 394BB8502CEF77E40077CD8E /* MyGraduationProject.xcdatamodel */;
			path = MyGraduationProject.xcdatamodeld;
			sourceTree = "<group>";
			versionGroupType = wrapper.xcdatamodel;
		};
/* End XCVersionGroup section */
	};
	rootObject = 394BB83B2CEF77E30077CD8E /* Project object */;
}
