// !$*UTF8*$!
{
	archiveVersion = 1;
	classes = {
	};
	objectVersion = 56;
	objects = {

/* Begin PBXBuildFile section */
		3954625D2C8BB04500461606 /* AppDelegate.swift in Sources */ = {isa = PBXBuildFile; fileRef = 3954625C2C8BB04500461606 /* AppDelegate.swift */; };
		3954625F2C8BB04500461606 /* SceneDelegate.swift in Sources */ = {isa = PBXBuildFile; fileRef = 3954625E2C8BB04500461606 /* SceneDelegate.swift */; };
		395462612C8BB04500461606 /* ViewController.swift in Sources */ = {isa = PBXBuildFile; fileRef = 395462602C8BB04500461606 /* ViewController.swift */; };
		395462642C8BB04500461606 /* Base in Resources */ = {isa = PBXBuildFile; fileRef = 395462632C8BB04500461606 /* Base */; };
		395462662C8BB04C00461606 /* Assets.xcassets in Resources */ = {isa = PBXBuildFile; fileRef = 395462652C8BB04C00461606 /* Assets.xcassets */; };
		395462692C8BB04C00461606 /* Base in Resources */ = {isa = PBXBuildFile; fileRef = 395462682C8BB04C00461606 /* Base */; };
/* End PBXBuildFile section */

/* Begin PBXContainerItemProxy section */
		395462702C8BB04D00461606 /* PBXContainerItemProxy */ = {
			isa = PBXContainerItemProxy;
			containerPortal = 395462512C8BB04400461606 /* Project object */;
			proxyType = 1;
			remoteGlobalIDString = 395462582C8BB04400461606;
			remoteInfo = HW24;
		};
		3954627A2C8BB04D00461606 /* PBXContainerItemProxy */ = {
			isa = PBXContainerItemProxy;
			containerPortal = 395462512C8BB04400461606 /* Project object */;
			proxyType = 1;
			remoteGlobalIDString = 395462582C8BB04400461606;
			remoteInfo = HW24;
		};
/* End PBXContainerItemProxy section */

/* Begin PBXFileReference section */
		395462592C8BB04500461606 /* HW24.app */ = {isa = PBXFileReference; explicitFileType = wrapper.application; includeInIndex = 0; path = HW24.app; sourceTree = BUILT_PRODUCTS_DIR; };
		3954625C2C8BB04500461606 /* AppDelegate.swift */ = {isa = PBXFileReference; lastKnownFileType = sourcecode.swift; path = AppDelegate.swift; sourceTree = "<group>"; };
		3954625E2C8BB04500461606 /* SceneDelegate.swift */ = {isa = PBXFileReference; lastKnownFileType = sourcecode.swift; path = SceneDelegate.swift; sourceTree = "<group>"; };
		395462602C8BB04500461606 /* ViewController.swift */ = {isa = PBXFileReference; lastKnownFileType = sourcecode.swift; path = ViewController.swift; sourceTree = "<group>"; };
		395462632C8BB04500461606 /* Base */ = {isa = PBXFileReference; lastKnownFileType = file.storyboard; name = Base; path = Base.lproj/Main.storyboard; sourceTree = "<group>"; };
		395462652C8BB04C00461606 /* Assets.xcassets */ = {isa = PBXFileReference; lastKnownFileType = folder.assetcatalog; path = Assets.xcassets; sourceTree = "<group>"; };
		395462682C8BB04C00461606 /* Base */ = {isa = PBXFileReference; lastKnownFileType = file.storyboard; name = Base; path = Base.lproj/LaunchScreen.storyboard; sourceTree = "<group>"; };
		3954626A2C8BB04C00461606 /* Info.plist */ = {isa = PBXFileReference; lastKnownFileType = text.plist.xml; path = Info.plist; sourceTree = "<group>"; };
		3954626F2C8BB04D00461606 /* HW24Tests.xctest */ = {isa = PBXFileReference; explicitFileType = wrapper.cfbundle; includeInIndex = 0; path = HW24Tests.xctest; sourceTree = BUILT_PRODUCTS_DIR; };
		395462792C8BB04D00461606 /* HW24UITests.xctest */ = {isa = PBXFileReference; explicitFileType = wrapper.cfbundle; includeInIndex = 0; path = HW24UITests.xctest; sourceTree = BUILT_PRODUCTS_DIR; };
/* End PBXFileReference section */

/* Begin PBXFrameworksBuildPhase section */
		395462562C8BB04400461606 /* Frameworks */ = {
			isa = PBXFrameworksBuildPhase;
			buildActionMask = 2147483647;
			files = (
			);
			runOnlyForDeploymentPostprocessing = 0;
		};
		3954626C2C8BB04D00461606 /* Frameworks */ = {
			isa = PBXFrameworksBuildPhase;
			buildActionMask = 2147483647;
			files = (
			);
			runOnlyForDeploymentPostprocessing = 0;
		};
		395462762C8BB04D00461606 /* Frameworks */ = {
			isa = PBXFrameworksBuildPhase;
			buildActionMask = 2147483647;
			files = (
			);
			runOnlyForDeploymentPostprocessing = 0;
		};
/* End PBXFrameworksBuildPhase section */

/* Begin PBXGroup section */
		395462502C8BB04400461606 = {
			isa = PBXGroup;
			children = (
				3954625B2C8BB04500461606 /* HW24 */,
				3954625A2C8BB04500461606 /* Products */,
			);
			sourceTree = "<group>";
		};
		3954625A2C8BB04500461606 /* Products */ = {
			isa = PBXGroup;
			children = (
				395462592C8BB04500461606 /* HW24.app */,
				3954626F2C8BB04D00461606 /* HW24Tests.xctest */,
				395462792C8BB04D00461606 /* HW24UITests.xctest */,
			);
			name = Products;
			sourceTree = "<group>";
		};
		3954625B2C8BB04500461606 /* HW24 */ = {
			isa = PBXGroup;
			children = (
				3954625C2C8BB04500461606 /* AppDelegate.swift */,
				3954625E2C8BB04500461606 /* SceneDelegate.swift */,
				395462602C8BB04500461606 /* ViewController.swift */,
				395462622C8BB04500461606 /* Main.storyboard */,
				395462652C8BB04C00461606 /* Assets.xcassets */,
				395462672C8BB04C00461606 /* LaunchScreen.storyboard */,
				3954626A2C8BB04C00461606 /* Info.plist */,
			);
			path = HW24;
			sourceTree = "<group>";
		};
/* End PBXGroup section */

/* Begin PBXNativeTarget section */
		395462582C8BB04400461606 /* HW24 */ = {
			isa = PBXNativeTarget;
			buildConfigurationList = 395462832C8BB04D00461606 /* Build configuration list for PBXNativeTarget "HW24" */;
			buildPhases = (
				395462552C8BB04400461606 /* Sources */,
				395462562C8BB04400461606 /* Frameworks */,
				395462572C8BB04400461606 /* Resources */,
			);
			buildRules = (
			);
			dependencies = (
			);
			name = HW24;
			productName = HW24;
			productReference = 395462592C8BB04500461606 /* HW24.app */;
			productType = "com.apple.product-type.application";
		};
		3954626E2C8BB04D00461606 /* HW24Tests */ = {
			isa = PBXNativeTarget;
			buildConfigurationList = 395462862C8BB04D00461606 /* Build configuration list for PBXNativeTarget "HW24Tests" */;
			buildPhases = (
				3954626B2C8BB04D00461606 /* Sources */,
				3954626C2C8BB04D00461606 /* Frameworks */,
				3954626D2C8BB04D00461606 /* Resources */,
			);
			buildRules = (
			);
			dependencies = (
				395462712C8BB04D00461606 /* PBXTargetDependency */,
			);
			name = HW24Tests;
			productName = HW24Tests;
			productReference = 3954626F2C8BB04D00461606 /* HW24Tests.xctest */;
			productType = "com.apple.product-type.bundle.unit-test";
		};
		395462782C8BB04D00461606 /* HW24UITests */ = {
			isa = PBXNativeTarget;
			buildConfigurationList = 395462892C8BB04D00461606 /* Build configuration list for PBXNativeTarget "HW24UITests" */;
			buildPhases = (
				395462752C8BB04D00461606 /* Sources */,
				395462762C8BB04D00461606 /* Frameworks */,
				395462772C8BB04D00461606 /* Resources */,
			);
			buildRules = (
			);
			dependencies = (
				3954627B2C8BB04D00461606 /* PBXTargetDependency */,
			);
			name = HW24UITests;
			productName = HW24UITests;
			productReference = 395462792C8BB04D00461606 /* HW24UITests.xctest */;
			productType = "com.apple.product-type.bundle.ui-testing";
		};
/* End PBXNativeTarget section */

/* Begin PBXProject section */
		395462512C8BB04400461606 /* Project object */ = {
			isa = PBXProject;
			attributes = {
				BuildIndependentTargetsInParallel = 1;
				LastSwiftUpdateCheck = 1540;
				LastUpgradeCheck = 1540;
				TargetAttributes = {
					395462582C8BB04400461606 = {
						CreatedOnToolsVersion = 15.4;
					};
					3954626E2C8BB04D00461606 = {
						CreatedOnToolsVersion = 15.4;
						TestTargetID = 395462582C8BB04400461606;
					};
					395462782C8BB04D00461606 = {
						CreatedOnToolsVersion = 15.4;
						TestTargetID = 395462582C8BB04400461606;
					};
				};
			};
			buildConfigurationList = 395462542C8BB04400461606 /* Build configuration list for PBXProject "HW24" */;
			compatibilityVersion = "Xcode 14.0";
			developmentRegion = en;
			hasScannedForEncodings = 0;
			knownRegions = (
				en,
				Base,
			);
			mainGroup = 395462502C8BB04400461606;
			productRefGroup = 3954625A2C8BB04500461606 /* Products */;
			projectDirPath = "";
			projectRoot = "";
			targets = (
				395462582C8BB04400461606 /* HW24 */,
				3954626E2C8BB04D00461606 /* HW24Tests */,
				395462782C8BB04D00461606 /* HW24UITests */,
			);
		};
/* End PBXProject section */

/* Begin PBXResourcesBuildPhase section */
		395462572C8BB04400461606 /* Resources */ = {
			isa = PBXResourcesBuildPhase;
			buildActionMask = 2147483647;
			files = (
				395462662C8BB04C00461606 /* Assets.xcassets in Resources */,
				395462692C8BB04C00461606 /* Base in Resources */,
				395462642C8BB04500461606 /* Base in Resources */,
			);
			runOnlyForDeploymentPostprocessing = 0;
		};
		3954626D2C8BB04D00461606 /* Resources */ = {
			isa = PBXResourcesBuildPhase;
			buildActionMask = 2147483647;
			files = (
			);
			runOnlyForDeploymentPostprocessing = 0;
		};
		395462772C8BB04D00461606 /* Resources */ = {
			isa = PBXResourcesBuildPhase;
			buildActionMask = 2147483647;
			files = (
			);
			runOnlyForDeploymentPostprocessing = 0;
		};
/* End PBXResourcesBuildPhase section */

/* Begin PBXSourcesBuildPhase section */
		395462552C8BB04400461606 /* Sources */ = {
			isa = PBXSourcesBuildPhase;
			buildActionMask = 2147483647;
			files = (
				395462612C8BB04500461606 /* ViewController.swift in Sources */,
				3954625D2C8BB04500461606 /* AppDelegate.swift in Sources */,
				3954625F2C8BB04500461606 /* SceneDelegate.swift in Sources */,
			);
			runOnlyForDeploymentPostprocessing = 0;
		};
		3954626B2C8BB04D00461606 /* Sources */ = {
			isa = PBXSourcesBuildPhase;
			buildActionMask = 2147483647;
			files = (
			);
			runOnlyForDeploymentPostprocessing = 0;
		};
		395462752C8BB04D00461606 /* Sources */ = {
			isa = PBXSourcesBuildPhase;
			buildActionMask = 2147483647;
			files = (
			);
			runOnlyForDeploymentPostprocessing = 0;
		};
/* End PBXSourcesBuildPhase section */

/* Begin PBXTargetDependency section */
		395462712C8BB04D00461606 /* PBXTargetDependency */ = {
			isa = PBXTargetDependency;
			target = 395462582C8BB04400461606 /* HW24 */;
			targetProxy = 395462702C8BB04D00461606 /* PBXContainerItemProxy */;
		};
		3954627B2C8BB04D00461606 /* PBXTargetDependency */ = {
			isa = PBXTargetDependency;
			target = 395462582C8BB04400461606 /* HW24 */;
			targetProxy = 3954627A2C8BB04D00461606 /* PBXContainerItemProxy */;
		};
/* End PBXTargetDependency section */

/* Begin PBXVariantGroup section */
		395462622C8BB04500461606 /* Main.storyboard */ = {
			isa = PBXVariantGroup;
			children = (
				395462632C8BB04500461606 /* Base */,
			);
			name = Main.storyboard;
			sourceTree = "<group>";
		};
		395462672C8BB04C00461606 /* LaunchScreen.storyboard */ = {
			isa = PBXVariantGroup;
			children = (
				395462682C8BB04C00461606 /* Base */,
			);
			name = LaunchScreen.storyboard;
			sourceTree = "<group>";
		};
/* End PBXVariantGroup section */

/* Begin XCBuildConfiguration section */
		395462812C8BB04D00461606 /* Debug */ = {
			isa = XCBuildConfiguration;
			buildSettings = {
				ALWAYS_SEARCH_USER_PATHS = NO;
				ASSETCATALOG_COMPILER_GENERATE_SWIFT_ASSET_SYMBOL_EXTENSIONS = YES;
				CLANG_ANALYZER_NONNULL = YES;
				CLANG_ANALYZER_NUMBER_OBJECT_CONVERSION = YES_AGGRESSIVE;
				CLANG_CXX_LANGUAGE_STANDARD = "gnu++20";
				CLANG_ENABLE_MODULES = YES;
				CLANG_ENABLE_OBJC_ARC = YES;
				CLANG_ENABLE_OBJC_WEAK = YES;
				CLANG_WARN_BLOCK_CAPTURE_AUTORELEASING = YES;
				CLANG_WARN_BOOL_CONVERSION = YES;
				CLANG_WARN_COMMA = YES;
				CLANG_WARN_CONSTANT_CONVERSION = YES;
				CLANG_WARN_DEPRECATED_OBJC_IMPLEMENTATIONS = YES;
				CLANG_WARN_DIRECT_OBJC_ISA_USAGE = YES_ERROR;
				CLANG_WARN_DOCUMENTATION_COMMENTS = YES;
				CLANG_WARN_EMPTY_BODY = YES;
				CLANG_WARN_ENUM_CONVERSION = YES;
				CLANG_WARN_INFINITE_RECURSION = YES;
				CLANG_WARN_INT_CONVERSION = YES;
				CLANG_WARN_NON_LITERAL_NULL_CONVERSION = YES;
				CLANG_WARN_OBJC_IMPLICIT_RETAIN_SELF = YES;
				CLANG_WARN_OBJC_LITERAL_CONVERSION = YES;
				CLANG_WARN_OBJC_ROOT_CLASS = YES_ERROR;
				CLANG_WARN_QUOTED_INCLUDE_IN_FRAMEWORK_HEADER = YES;
				CLANG_WARN_RANGE_LOOP_ANALYSIS = YES;
				CLANG_WARN_STRICT_PROTOTYPES = YES;
				CLANG_WARN_SUSPICIOUS_MOVE = YES;
				CLANG_WARN_UNGUARDED_AVAILABILITY = YES_AGGRESSIVE;
				CLANG_WARN_UNREACHABLE_CODE = YES;
				CLANG_WARN__DUPLICATE_METHOD_MATCH = YES;
				COPY_PHASE_STRIP = NO;
				DEBUG_INFORMATION_FORMAT = dwarf;
				ENABLE_STRICT_OBJC_MSGSEND = YES;
				ENABLE_TESTABILITY = YES;
				ENABLE_USER_SCRIPT_SANDBOXING = YES;
				GCC_C_LANGUAGE_STANDARD = gnu17;
				GCC_DYNAMIC_NO_PIC = NO;
				GCC_NO_COMMON_BLOCKS = YES;
				GCC_OPTIMIZATION_LEVEL = 0;
				GCC_PREPROCESSOR_DEFINITIONS = (
					"DEBUG=1",
					"$(inherited)",
				);
				GCC_WARN_64_TO_32_BIT_CONVERSION = YES;
				GCC_WARN_ABOUT_RETURN_TYPE = YES_ERROR;
				GCC_WARN_UNDECLARED_SELECTOR = YES;
				GCC_WARN_UNINITIALIZED_AUTOS = YES_AGGRESSIVE;
				GCC_WARN_UNUSED_FUNCTION = YES;
				GCC_WARN_UNUSED_VARIABLE = YES;
				IPHONEOS_DEPLOYMENT_TARGET = 17.5;
				LOCALIZATION_PREFERS_STRING_CATALOGS = YES;
				MTL_ENABLE_DEBUG_INFO = INCLUDE_SOURCE;
				MTL_FAST_MATH = YES;
				ONLY_ACTIVE_ARCH = YES;
				SDKROOT = iphoneos;
				SWIFT_ACTIVE_COMPILATION_CONDITIONS = "DEBUG $(inherited)";
				SWIFT_OPTIMIZATION_LEVEL = "-Onone";
			};
			name = Debug;
		};
		395462822C8BB04D00461606 /* Release */ = {
			isa = XCBuildConfiguration;
			buildSettings = {
				ALWAYS_SEARCH_USER_PATHS = NO;
				ASSETCATALOG_COMPILER_GENERATE_SWIFT_ASSET_SYMBOL_EXTENSIONS = YES;
				CLANG_ANALYZER_NONNULL = YES;
				CLANG_ANALYZER_NUMBER_OBJECT_CONVERSION = YES_AGGRESSIVE;
				CLANG_CXX_LANGUAGE_STANDARD = "gnu++20";
				CLANG_ENABLE_MODULES = YES;
				CLANG_ENABLE_OBJC_ARC = YES;
				CLANG_ENABLE_OBJC_WEAK = YES;
				CLANG_WARN_BLOCK_CAPTURE_AUTORELEASING = YES;
				CLANG_WARN_BOOL_CONVERSION = YES;
				CLANG_WARN_COMMA = YES;
				CLANG_WARN_CONSTANT_CONVERSION = YES;
				CLANG_WARN_DEPRECATED_OBJC_IMPLEMENTATIONS = YES;
				CLANG_WARN_DIRECT_OBJC_ISA_USAGE = YES_ERROR;
				CLANG_WARN_DOCUMENTATION_COMMENTS = YES;
				CLANG_WARN_EMPTY_BODY = YES;
				CLANG_WARN_ENUM_CONVERSION = YES;
				CLANG_WARN_INFINITE_RECURSION = YES;
				CLANG_WARN_INT_CONVERSION = YES;
				CLANG_WARN_NON_LITERAL_NULL_CONVERSION = YES;
				CLANG_WARN_OBJC_IMPLICIT_RETAIN_SELF = YES;
				CLANG_WARN_OBJC_LITERAL_CONVERSION = YES;
				CLANG_WARN_OBJC_ROOT_CLASS = YES_ERROR;
				CLANG_WARN_QUOTED_INCLUDE_IN_FRAMEWORK_HEADER = YES;
				CLANG_WARN_RANGE_LOOP_ANALYSIS = YES;
				CLANG_WARN_STRICT_PROTOTYPES = YES;
				CLANG_WARN_SUSPICIOUS_MOVE = YES;
				CLANG_WARN_UNGUARDED_AVAILABILITY = YES_AGGRESSIVE;
				CLANG_WARN_UNREACHABLE_CODE = YES;
				CLANG_WARN__DUPLICATE_METHOD_MATCH = YES;
				COPY_PHASE_STRIP = NO;
				DEBUG_INFORMATION_FORMAT = "dwarf-with-dsym";
				ENABLE_NS_ASSERTIONS = NO;
				ENABLE_STRICT_OBJC_MSGSEND = YES;
				ENABLE_USER_SCRIPT_SANDBOXING = YES;
				GCC_C_LANGUAGE_STANDARD = gnu17;
				GCC_NO_COMMON_BLOCKS = YES;
				GCC_WARN_64_TO_32_BIT_CONVERSION = YES;
				GCC_WARN_ABOUT_RETURN_TYPE = YES_ERROR;
				GCC_WARN_UNDECLARED_SELECTOR = YES;
				GCC_WARN_UNINITIALIZED_AUTOS = YES_AGGRESSIVE;
				GCC_WARN_UNUSED_FUNCTION = YES;
				GCC_WARN_UNUSED_VARIABLE = YES;
				IPHONEOS_DEPLOYMENT_TARGET = 17.5;
				LOCALIZATION_PREFERS_STRING_CATALOGS = YES;
				MTL_ENABLE_DEBUG_INFO = NO;
				MTL_FAST_MATH = YES;
				SDKROOT = iphoneos;
				SWIFT_COMPILATION_MODE = wholemodule;
				VALIDATE_PRODUCT = YES;
			};
			name = Release;
		};
		395462842C8BB04D00461606 /* Debug */ = {
			isa = XCBuildConfiguration;
			buildSettings = {
				ASSETCATALOG_COMPILER_APPICON_NAME = AppIcon;
				ASSETCATALOG_COMPILER_GLOBAL_ACCENT_COLOR_NAME = AccentColor;
				CODE_SIGN_STYLE = Automatic;
				CURRENT_PROJECT_VERSION = 1;
				GENERATE_INFOPLIST_FILE = YES;
				INFOPLIST_FILE = HW24/Info.plist;
				INFOPLIST_KEY_UIApplicationSupportsIndirectInputEvents = YES;
				INFOPLIST_KEY_UILaunchStoryboardName = LaunchScreen;
				INFOPLIST_KEY_UIMainStoryboardFile = Main;
				INFOPLIST_KEY_UISupportedInterfaceOrientations_iPad = "UIInterfaceOrientationPortrait UIInterfaceOrientationPortraitUpsideDown UIInterfaceOrientationLandscapeLeft UIInterfaceOrientationLandscapeRight";
				INFOPLIST_KEY_UISupportedInterfaceOrientations_iPhone = "UIInterfaceOrientationPortrait UIInterfaceOrientationLandscapeLeft UIInterfaceOrientationLandscapeRight";
				IPHONEOS_DEPLOYMENT_TARGET = 17.0;
				LD_RUNPATH_SEARCH_PATHS = (
					"$(inherited)",
					"@executable_path/Frameworks",
				);
				MARKETING_VERSION = 1.0;
				PRODUCT_BUNDLE_IDENTIFIER = ooosh.HW24;
				PRODUCT_NAME = "$(TARGET_NAME)";
				SWIFT_EMIT_LOC_STRINGS = YES;
				SWIFT_VERSION = 5.0;
				TARGETED_DEVICE_FAMILY = "1,2";
			};
			name = Debug;
		};
		395462852C8BB04D00461606 /* Release */ = {
			isa = XCBuildConfiguration;
			buildSettings = {
				ASSETCATALOG_COMPILER_APPICON_NAME = AppIcon;
				ASSETCATALOG_COMPILER_GLOBAL_ACCENT_COLOR_NAME = AccentColor;
				CODE_SIGN_STYLE = Automatic;
				CURRENT_PROJECT_VERSION = 1;
				GENERATE_INFOPLIST_FILE = YES;
				INFOPLIST_FILE = HW24/Info.plist;
				INFOPLIST_KEY_UIApplicationSupportsIndirectInputEvents = YES;
				INFOPLIST_KEY_UILaunchStoryboardName = LaunchScreen;
				INFOPLIST_KEY_UIMainStoryboardFile = Main;
				INFOPLIST_KEY_UISupportedInterfaceOrientations_iPad = "UIInterfaceOrientationPortrait UIInterfaceOrientationPortraitUpsideDown UIInterfaceOrientationLandscapeLeft UIInterfaceOrientationLandscapeRight";
				INFOPLIST_KEY_UISupportedInterfaceOrientations_iPhone = "UIInterfaceOrientationPortrait UIInterfaceOrientationLandscapeLeft UIInterfaceOrientationLandscapeRight";
				IPHONEOS_DEPLOYMENT_TARGET = 17.0;
				LD_RUNPATH_SEARCH_PATHS = (
					"$(inherited)",
					"@executable_path/Frameworks",
				);
				MARKETING_VERSION = 1.0;
				PRODUCT_BUNDLE_IDENTIFIER = ooosh.HW24;
				PRODUCT_NAME = "$(TARGET_NAME)";
				SWIFT_EMIT_LOC_STRINGS = YES;
				SWIFT_VERSION = 5.0;
				TARGETED_DEVICE_FAMILY = "1,2";
			};
			name = Release;
		};
		395462872C8BB04D00461606 /* Debug */ = {
			isa = XCBuildConfiguration;
			buildSettings = {
				ALWAYS_EMBED_SWIFT_STANDARD_LIBRARIES = YES;
				BUNDLE_LOADER = "$(TEST_HOST)";
				CODE_SIGN_STYLE = Automatic;
				CURRENT_PROJECT_VERSION = 1;
				GENERATE_INFOPLIST_FILE = YES;
				IPHONEOS_DEPLOYMENT_TARGET = 17.5;
				MARKETING_VERSION = 1.0;
				PRODUCT_BUNDLE_IDENTIFIER = ooosh.HW24Tests;
				PRODUCT_NAME = "$(TARGET_NAME)";
				SWIFT_EMIT_LOC_STRINGS = NO;
				SWIFT_VERSION = 5.0;
				TARGETED_DEVICE_FAMILY = "1,2";
				TEST_HOST = "$(BUILT_PRODUCTS_DIR)/HW24.app/$(BUNDLE_EXECUTABLE_FOLDER_PATH)/HW24";
			};
			name = Debug;
		};
		395462882C8BB04D00461606 /* Release */ = {
			isa = XCBuildConfiguration;
			buildSettings = {
				ALWAYS_EMBED_SWIFT_STANDARD_LIBRARIES = YES;
				BUNDLE_LOADER = "$(TEST_HOST)";
				CODE_SIGN_STYLE = Automatic;
				CURRENT_PROJECT_VERSION = 1;
				GENERATE_INFOPLIST_FILE = YES;
				IPHONEOS_DEPLOYMENT_TARGET = 17.5;
				MARKETING_VERSION = 1.0;
				PRODUCT_BUNDLE_IDENTIFIER = ooosh.HW24Tests;
				PRODUCT_NAME = "$(TARGET_NAME)";
				SWIFT_EMIT_LOC_STRINGS = NO;
				SWIFT_VERSION = 5.0;
				TARGETED_DEVICE_FAMILY = "1,2";
				TEST_HOST = "$(BUILT_PRODUCTS_DIR)/HW24.app/$(BUNDLE_EXECUTABLE_FOLDER_PATH)/HW24";
			};
			name = Release;
		};
		3954628A2C8BB04D00461606 /* Debug */ = {
			isa = XCBuildConfiguration;
			buildSettings = {
				ALWAYS_EMBED_SWIFT_STANDARD_LIBRARIES = YES;
				CODE_SIGN_STYLE = Automatic;
				CURRENT_PROJECT_VERSION = 1;
				GENERATE_INFOPLIST_FILE = YES;
				MARKETING_VERSION = 1.0;
				PRODUCT_BUNDLE_IDENTIFIER = ooosh.HW24UITests;
				PRODUCT_NAME = "$(TARGET_NAME)";
				SWIFT_EMIT_LOC_STRINGS = NO;
				SWIFT_VERSION = 5.0;
				TARGETED_DEVICE_FAMILY = "1,2";
				TEST_TARGET_NAME = HW24;
			};
			name = Debug;
		};
		3954628B2C8BB04D00461606 /* Release */ = {
			isa = XCBuildConfiguration;
			buildSettings = {
				ALWAYS_EMBED_SWIFT_STANDARD_LIBRARIES = YES;
				CODE_SIGN_STYLE = Automatic;
				CURRENT_PROJECT_VERSION = 1;
				GENERATE_INFOPLIST_FILE = YES;
				MARKETING_VERSION = 1.0;
				PRODUCT_BUNDLE_IDENTIFIER = ooosh.HW24UITests;
				PRODUCT_NAME = "$(TARGET_NAME)";
				SWIFT_EMIT_LOC_STRINGS = NO;
				SWIFT_VERSION = 5.0;
				TARGETED_DEVICE_FAMILY = "1,2";
				TEST_TARGET_NAME = HW24;
			};
			name = Release;
		};
/* End XCBuildConfiguration section */

/* Begin XCConfigurationList section */
		395462542C8BB04400461606 /* Build configuration list for PBXProject "HW24" */ = {
			isa = XCConfigurationList;
			buildConfigurations = (
				395462812C8BB04D00461606 /* Debug */,
				395462822C8BB04D00461606 /* Release */,
			);
			defaultConfigurationIsVisible = 0;
			defaultConfigurationName = Release;
		};
		395462832C8BB04D00461606 /* Build configuration list for PBXNativeTarget "HW24" */ = {
			isa = XCConfigurationList;
			buildConfigurations = (
				395462842C8BB04D00461606 /* Debug */,
				395462852C8BB04D00461606 /* Release */,
			);
			defaultConfigurationIsVisible = 0;
			defaultConfigurationName = Release;
		};
		395462862C8BB04D00461606 /* Build configuration list for PBXNativeTarget "HW24Tests" */ = {
			isa = XCConfigurationList;
			buildConfigurations = (
				395462872C8BB04D00461606 /* Debug */,
				395462882C8BB04D00461606 /* Release */,
			);
			defaultConfigurationIsVisible = 0;
			defaultConfigurationName = Release;
		};
		395462892C8BB04D00461606 /* Build configuration list for PBXNativeTarget "HW24UITests" */ = {
			isa = XCConfigurationList;
			buildConfigurations = (
				3954628A2C8BB04D00461606 /* Debug */,
				3954628B2C8BB04D00461606 /* Release */,
			);
			defaultConfigurationIsVisible = 0;
			defaultConfigurationName = Release;
		};
/* End XCConfigurationList section */
	};
	rootObject = 395462512C8BB04400461606 /* Project object */;
}
